
Microsoft Visual Studio Solution File, Format Version 12.00
# Visual Studio Version 17
VisualStudioVersion = 17.12.35506.116 d17.12
MinimumVisualStudioVersion = 10.0.40219.1
Project("{FAE04EC0-301F-11D3-BF4B-00C04F79EFBC}") = "DependencyInjectionWebApi", "DependencyInjectionWebApi\DependencyInjectionWebApi.csproj", "{B83A9668-1262-4B84-991A-AC4A97B227AA}"
EndProject
Global
	GlobalSection(SolutionConfigurationPlatforms) = preSolution
		Debug|Any CPU = Debug|Any CPU
		Release|Any CPU = Release|Any CPU
	EndGlobalSection
	GlobalSection(ProjectConfigurationPlatforms) = postSolution
		{B83A9668-1262-4B84-991A-AC4A97B227AA}.Debug|Any CPU.ActiveCfg = Debug|Any CPU
		{B83A9668-1262-4B84-991A-AC4A97B227AA}.Debug|Any CPU.Build.0 = Debug|Any CPU
		{B83A9668-1262-4B84-991A-AC4A97B227AA}.Release|Any CPU.ActiveCfg = Release|Any CPU
		{B83A9668-1262-4B84-991A-AC4A97B227AA}.Release|Any CPU.Build.0 = Release|Any CPU
	EndGlobalSection
	GlobalSection(SolutionProperties) = preSolution
		HideSolutionNode = FALSE
	EndGlobalSection
EndGlobal
